{
  "name": "@lopopolo/bazel_tools_demo",
  "version": "0.1.0",
  "lockfileVersion": 3,
  "requires": true,
  "packages": {
    "": {
      "name": "@lopopolo/bazel_tools_demo",
      "version": "0.1.0",
      "license": "MIT",
      "dependencies": {
        "commander": "^10.0.0"
      },
      "devDependencies": {}
    },
    "node_modules/commander": {
      "version": "10.0.0",
      "resolved": "https://registry.npmjs.org/commander/-/commander-10.0.0.tgz",
      "integrity": "sha512-zS5PnTI22FIRM6ylNW8G4Ap0IEOyk62fhLSD0+uHRT9McRCLGpkVNvao4bjimpK/GShynyQkFFxHhwMcETmduA==",
      "engines": {
        "node": ">=14"
      }
    }
  }
}
